
Microsoft Visual Studio Solution File, Format Version 12.00
# Visual Studio 15
VisualStudioVersion = 15.0.27428.2043
MinimumVisualStudioVersion = 10.0.40219.1
Project("{FAE04EC0-301F-11D3-BF4B-00C04F79EFBC}") = "App", "App\App.csproj", "{8903FE05-58D9-41E9-AFC5-CE864D0096A7}"
EndProject
Global
	GlobalSection(SolutionConfigurationPlatforms) = preSolution
		Debug|Any CPU = Debug|Any CPU
		Release|Any CPU = Release|Any CPU
	EndGlobalSection
	GlobalSection(ProjectConfigurationPlatforms) = postSolution
		{8903FE05-58D9-41E9-AFC5-CE864D0096A7}.Debug|Any CPU.ActiveCfg = Debug|Any CPU
		{8903FE05-58D9-41E9-AFC5-CE864D0096A7}.Debug|Any CPU.Build.0 = Debug|Any CPU
		{8903FE05-58D9-41E9-AFC5-CE864D0096A7}.Release|Any CPU.ActiveCfg = Release|Any CPU
		{8903FE05-58D9-41E9-AFC5-CE864D0096A7}.Release|Any CPU.Build.0 = Release|Any CPU
	EndGlobalSection
	GlobalSection(SolutionProperties) = preSolution
		HideSolutionNode = FALSE
	EndGlobalSection
	GlobalSection(ExtensibilityGlobals) = postSolution
		SolutionGuid = {C014FA2A-AE6B-4783-AC47-D0279A4D5CB7}
	EndGlobalSection
EndGlobal
